
Microsoft Visual Studio Solution File, Format Version 12.00
# Visual Studio Version 17
VisualStudioVersion = 17.9.34728.123
MinimumVisualStudioVersion = 10.0.40219.1
Project("{FAE04EC0-301F-11D3-BF4B-00C04F79EFBC}") = "PromocyjnePrzepisy", "PromocyjnePrzepisy\PromocyjnePrzepisy.csproj", "{50953A43-516C-4FCD-8C9A-09BABE6858E4}"
EndProject
Project("{FAE04EC0-301F-11D3-BF4B-00C04F79EFBC}") = "PromocyjnePrzepisyTests", "PromocyjnePrzepisyTests\PromocyjnePrzepisyTests.csproj", "{8464F09D-88F1-4ABE-9151-DD5AC046B510}"
EndProject
Global
	GlobalSection(SolutionConfigurationPlatforms) = preSolution
		Debug|Any CPU = Debug|Any CPU
		Release|Any CPU = Release|Any CPU
	EndGlobalSection
	GlobalSection(ProjectConfigurationPlatforms) = postSolution
		{50953A43-516C-4FCD-8C9A-09BABE6858E4}.Debug|Any CPU.ActiveCfg = Debug|Any CPU
		{50953A43-516C-4FCD-8C9A-09BABE6858E4}.Debug|Any CPU.Build.0 = Debug|Any CPU
		{50953A43-516C-4FCD-8C9A-09BABE6858E4}.Debug|Any CPU.Deploy.0 = Debug|Any CPU
		{50953A43-516C-4FCD-8C9A-09BABE6858E4}.Release|Any CPU.ActiveCfg = Release|Any CPU
		{50953A43-516C-4FCD-8C9A-09BABE6858E4}.Release|Any CPU.Build.0 = Release|Any CPU
		{50953A43-516C-4FCD-8C9A-09BABE6858E4}.Release|Any CPU.Deploy.0 = Release|Any CPU
		{8464F09D-88F1-4ABE-9151-DD5AC046B510}.Debug|Any CPU.ActiveCfg = Debug|Any CPU
		{8464F09D-88F1-4ABE-9151-DD5AC046B510}.Debug|Any CPU.Build.0 = Debug|Any CPU
		{8464F09D-88F1-4ABE-9151-DD5AC046B510}.Release|Any CPU.ActiveCfg = Release|Any CPU
		{8464F09D-88F1-4ABE-9151-DD5AC046B510}.Release|Any CPU.Build.0 = Release|Any CPU
	EndGlobalSection
	GlobalSection(SolutionProperties) = preSolution
		HideSolutionNode = FALSE
	EndGlobalSection
	GlobalSection(ExtensibilityGlobals) = postSolution
		SolutionGuid = {B578DBAA-7D17-4538-9F95-7ADECEB02D7A}
	EndGlobalSection
EndGlobal
